
Microsoft Visual Studio Solution File, Format Version 12.00
Project("{FAE04EC0-301F-11D3-BF4B-00C04F79EFBC}") = "TaskFocus.WebApi", "TaskFocus.WebApi\TaskFocus.WebApi.csproj", "{1A973901-C8B8-4C4C-BDAE-9C03452E5C0E}"
EndProject
Project("{FAE04EC0-301F-11D3-BF4B-00C04F79EFBC}") = "TaskFocus.Data", "TaskFocus.Data\TaskFocus.Data.csproj", "{00A53FE0-2BBF-492A-ADFE-4D439885ED07}"
EndProject
Global
	GlobalSection(SolutionConfigurationPlatforms) = preSolution
		Debug|Any CPU = Debug|Any CPU
		Release|Any CPU = Release|Any CPU
	EndGlobalSection
	GlobalSection(ProjectConfigurationPlatforms) = postSolution
		{1A973901-C8B8-4C4C-BDAE-9C03452E5C0E}.Debug|Any CPU.ActiveCfg = Debug|Any CPU
		{1A973901-C8B8-4C4C-BDAE-9C03452E5C0E}.Debug|Any CPU.Build.0 = Debug|Any CPU
		{1A973901-C8B8-4C4C-BDAE-9C03452E5C0E}.Release|Any CPU.ActiveCfg = Release|Any CPU
		{1A973901-C8B8-4C4C-BDAE-9C03452E5C0E}.Release|Any CPU.Build.0 = Release|Any CPU
		{00A53FE0-2BBF-492A-ADFE-4D439885ED07}.Debug|Any CPU.ActiveCfg = Debug|Any CPU
		{00A53FE0-2BBF-492A-ADFE-4D439885ED07}.Debug|Any CPU.Build.0 = Debug|Any CPU
		{00A53FE0-2BBF-492A-ADFE-4D439885ED07}.Release|Any CPU.ActiveCfg = Release|Any CPU
		{00A53FE0-2BBF-492A-ADFE-4D439885ED07}.Release|Any CPU.Build.0 = Release|Any CPU
	EndGlobalSection
EndGlobal
